
Microsoft Visual Studio Solution File, Format Version 12.00
# Visual Studio Version 17
VisualStudioVersion = 17.12.35527.113
MinimumVisualStudioVersion = 10.0.40219.1
Project("{FAE04EC0-301F-11D3-BF4B-00C04F79EFBC}") = "Core Api", "Core\Core Api.csproj", "{3DECE754-C655-46D9-B7D0-C6542D2EFC6F}"
EndProject
Project("{FAE04EC0-301F-11D3-BF4B-00C04F79EFBC}") = "User Api", "User\User Api.csproj", "{19D21ABE-C7F1-427E-A7FC-8D5684517636}"
EndProject
Project("{FAE04EC0-301F-11D3-BF4B-00C04F79EFBC}") = "Credit Api", "Credit\Credit Api.csproj", "{B98707E1-83E2-4375-9A0B-39F92343C135}"
EndProject
Global
	GlobalSection(SolutionConfigurationPlatforms) = preSolution
		Debug|Any CPU = Debug|Any CPU
		Release|Any CPU = Release|Any CPU
	EndGlobalSection
	GlobalSection(ProjectConfigurationPlatforms) = postSolution
		{3DECE754-C655-46D9-B7D0-C6542D2EFC6F}.Debug|Any CPU.ActiveCfg = Debug|Any CPU
		{3DECE754-C655-46D9-B7D0-C6542D2EFC6F}.Debug|Any CPU.Build.0 = Debug|Any CPU
		{3DECE754-C655-46D9-B7D0-C6542D2EFC6F}.Release|Any CPU.ActiveCfg = Release|Any CPU
		{3DECE754-C655-46D9-B7D0-C6542D2EFC6F}.Release|Any CPU.Build.0 = Release|Any CPU
		{19D21ABE-C7F1-427E-A7FC-8D5684517636}.Debug|Any CPU.ActiveCfg = Debug|Any CPU
		{19D21ABE-C7F1-427E-A7FC-8D5684517636}.Debug|Any CPU.Build.0 = Debug|Any CPU
		{19D21ABE-C7F1-427E-A7FC-8D5684517636}.Release|Any CPU.ActiveCfg = Release|Any CPU
		{19D21ABE-C7F1-427E-A7FC-8D5684517636}.Release|Any CPU.Build.0 = Release|Any CPU
		{B98707E1-83E2-4375-9A0B-39F92343C135}.Debug|Any CPU.ActiveCfg = Debug|Any CPU
		{B98707E1-83E2-4375-9A0B-39F92343C135}.Debug|Any CPU.Build.0 = Debug|Any CPU
		{B98707E1-83E2-4375-9A0B-39F92343C135}.Release|Any CPU.ActiveCfg = Release|Any CPU
		{B98707E1-83E2-4375-9A0B-39F92343C135}.Release|Any CPU.Build.0 = Release|Any CPU
	EndGlobalSection
	GlobalSection(SolutionProperties) = preSolution
		HideSolutionNode = FALSE
	EndGlobalSection
EndGlobal
