# THIS IS AN AUTOGENERATED FILE. DO NOT EDIT THIS FILE DIRECTLY.
# yarn lockfile v1


"@mantine/dates@^7.17.1":
  version "7.17.1"
  resolved "https://registry.yarnpkg.com/@mantine/dates/-/dates-7.17.1.tgz#06811a9b6cf44344a8e08eabf35a35423be6c407"
  integrity sha512-L9MlIDb528RpznUeeW71xS4q3lYGolElz/f7xGRXEu9gHLaNJufbxroTw2N8RC6p/+RN1ZrSXEsjlr2euiofAw==
  dependencies:
    clsx "^2.1.1"

clsx@^2.1.1:
  version "2.1.1"
  resolved "https://registry.yarnpkg.com/clsx/-/clsx-2.1.1.tgz#eed397c9fd8bd882bfb18deab7102049a2f32999"
  integrity sha512-eYm0QWBtUrBWZWG0d386OGAw16Z995PiOVo2B7bjWSbHedGl5e0ZWaq65kOGgUSNesEIDkB9ISbTg/JK9dhCZA==
