
Microsoft Visual Studio Solution File, Format Version 12.00
# Visual Studio Version 17
VisualStudioVersion = 17.8.34322.80
MinimumVisualStudioVersion = 10.0.40219.1
Project("{FAE04EC0-301F-11D3-BF4B-00C04F79EFBC}") = "CreditService_Patterns", "CreditService_Patterns\CreditService_Patterns.csproj", "{2E06A316-D499-4C00-A00A-9F3C35074255}"
EndProject
Global
	GlobalSection(SolutionConfigurationPlatforms) = preSolution
		Debug|Any CPU = Debug|Any CPU
		Release|Any CPU = Release|Any CPU
	EndGlobalSection
	GlobalSection(ProjectConfigurationPlatforms) = postSolution
		{2E06A316-D499-4C00-A00A-9F3C35074255}.Debug|Any CPU.ActiveCfg = Debug|Any CPU
		{2E06A316-D499-4C00-A00A-9F3C35074255}.Debug|Any CPU.Build.0 = Debug|Any CPU
		{2E06A316-D499-4C00-A00A-9F3C35074255}.Release|Any CPU.ActiveCfg = Release|Any CPU
		{2E06A316-D499-4C00-A00A-9F3C35074255}.Release|Any CPU.Build.0 = Release|Any CPU
	EndGlobalSection
	GlobalSection(SolutionProperties) = preSolution
		HideSolutionNode = FALSE
	EndGlobalSection
	GlobalSection(ExtensibilityGlobals) = postSolution
		SolutionGuid = {46D3D89B-9257-453B-A47A-F7743371E3F9}
	EndGlobalSection
EndGlobal
